# This file is automatically @generated by Cargo.
# It is not intended for manual editing.
version = 4

[[package]]
name = "GPT"
version = "0.1.0"
dependencies = [
 "xdevs",
]

[[package]]
name = "xdevs"
version = "0.3.0"
source = "registry+https://github.com/rust-lang/crates.io-index"
checksum = "4c618911f11691b913a832b281401d788b2b75f5070f096c3b0d6f3cb0aaa5c5"
